
Microsoft Visual Studio Solution File, Format Version 12.00
# Visual Studio 14
VisualStudioVersion = 14.0.25123.0
MinimumVisualStudioVersion = 10.0.40219.1
Project("{059D4A08-CB81-4EB5-9621-C375E82610A6}") = "Sitecore.Support.97716.116019", "Sitecore.Support.97716.116019\Sitecore.Support.97716.116019.csproj", "{9116344B-0975-4524-8956-9A7A28D7DDEA}"
EndProject
Global
	GlobalSection(SolutionConfigurationPlatforms) = preSolution
		Debug|Any CPU = Debug|Any CPU
		Release|Any CPU = Release|Any CPU
	EndGlobalSection
	GlobalSection(ProjectConfigurationPlatforms) = postSolution
		{9116344B-0975-4524-8956-9A7A28D7DDEA}.Debug|Any CPU.ActiveCfg = Debug|Any CPU
		{9116344B-0975-4524-8956-9A7A28D7DDEA}.Debug|Any CPU.Build.0 = Debug|Any CPU
		{9116344B-0975-4524-8956-9A7A28D7DDEA}.Release|Any CPU.ActiveCfg = Release|Any CPU
		{9116344B-0975-4524-8956-9A7A28D7DDEA}.Release|Any CPU.Build.0 = Release|Any CPU
	EndGlobalSection
	GlobalSection(SolutionProperties) = preSolution
		HideSolutionNode = FALSE
	EndGlobalSection
EndGlobal
